
Microsoft Visual Studio Solution File, Format Version 12.00
Project("{FAE04EC0-301F-11D3-BF4B-00C04F79EFBC}") = "Cafeteria", "Cafeteria\Cafeteria.csproj", "{015BF318-1FEF-4565-B8E2-0B503888C7FC}"
EndProject
Global
	GlobalSection(SolutionConfigurationPlatforms) = preSolution
		Debug|Any CPU = Debug|Any CPU
		Release|Any CPU = Release|Any CPU
	EndGlobalSection
	GlobalSection(ProjectConfigurationPlatforms) = postSolution
		{015BF318-1FEF-4565-B8E2-0B503888C7FC}.Debug|Any CPU.ActiveCfg = Debug|Any CPU
		{015BF318-1FEF-4565-B8E2-0B503888C7FC}.Debug|Any CPU.Build.0 = Debug|Any CPU
		{015BF318-1FEF-4565-B8E2-0B503888C7FC}.Release|Any CPU.ActiveCfg = Release|Any CPU
		{015BF318-1FEF-4565-B8E2-0B503888C7FC}.Release|Any CPU.Build.0 = Release|Any CPU
	EndGlobalSection
EndGlobal
